// !$*UTF8*$!
{
	archiveVersion = 1;
	classes = {
	};
	objectVersion = 56;
	objects = {

/* Begin PBXBuildFile section */
		E57331902992261B00F3BF9F /* XCTestCase+MemoryLeakTrackingHelper.swift in Sources */ = {isa = PBXBuildFile; fileRef = E573318F2992261B00F3BF9F /* XCTestCase+MemoryLeakTrackingHelper.swift */; };
		E573319229922DF800F3BF9F /* URLSessionHTTPClient.swift in Sources */ = {isa = PBXBuildFile; fileRef = E573319129922DF800F3BF9F /* URLSessionHTTPClient.swift */; };
		E573319A299231E200F3BF9F /* EssentialFeedAPIEndToEndTests.swift in Sources */ = {isa = PBXBuildFile; fileRef = E5733199299231E200F3BF9F /* EssentialFeedAPIEndToEndTests.swift */; };
		E573319B299231E200F3BF9F /* EssentialFeed.framework in Frameworks */ = {isa = PBXBuildFile; fileRef = E5C3F3E9298C18050051B1DB /* EssentialFeed.framework */; };
		E57331A12992354900F3BF9F /* XCTestCase+MemoryLeakTrackingHelper.swift in Sources */ = {isa = PBXBuildFile; fileRef = E573318F2992261B00F3BF9F /* XCTestCase+MemoryLeakTrackingHelper.swift */; };
		E57331A62992AA9600F3BF9F /* CacheFeedUseCaseTests.swift in Sources */ = {isa = PBXBuildFile; fileRef = E57331A52992AA9600F3BF9F /* CacheFeedUseCaseTests.swift */; };
		E5C3F3F2298C18060051B1DB /* EssentialFeed.framework in Frameworks */ = {isa = PBXBuildFile; fileRef = E5C3F3E9298C18050051B1DB /* EssentialFeed.framework */; };
		E5C3F3F8298C18060051B1DB /* EssentialFeed.h in Headers */ = {isa = PBXBuildFile; fileRef = E5C3F3EC298C18050051B1DB /* EssentialFeed.h */; settings = {ATTRIBUTES = (Public, ); }; };
		E5C3F402298C18120051B1DB /* FeedItem.swift in Sources */ = {isa = PBXBuildFile; fileRef = E5C3F401298C18120051B1DB /* FeedItem.swift */; };
		E5C3F409298EAE130051B1DB /* LoadFeedFromRemoteUseCaseTests.swift in Sources */ = {isa = PBXBuildFile; fileRef = E5C3F408298EAE130051B1DB /* LoadFeedFromRemoteUseCaseTests.swift */; };
		E5C3F40C298EAE700051B1DB /* FeedLoader.swift in Sources */ = {isa = PBXBuildFile; fileRef = E5C3F40B298EAE700051B1DB /* FeedLoader.swift */; };
		E5C3F40F298EAF590051B1DB /* RemoteFeedLoader.swift in Sources */ = {isa = PBXBuildFile; fileRef = E5C3F40E298EAF590051B1DB /* RemoteFeedLoader.swift */; };
		E5C3F411298F90F50051B1DB /* HTTPClient.swift in Sources */ = {isa = PBXBuildFile; fileRef = E5C3F410298F90F50051B1DB /* HTTPClient.swift */; };
		E5C3F413298F91280051B1DB /* FeedItemsMapper.swift in Sources */ = {isa = PBXBuildFile; fileRef = E5C3F412298F91280051B1DB /* FeedItemsMapper.swift */; };
		E5C3F416298FA7060051B1DB /* URLSessionHTTPClientTests.swift in Sources */ = {isa = PBXBuildFile; fileRef = E5C3F415298FA7060051B1DB /* URLSessionHTTPClientTests.swift */; };
/* End PBXBuildFile section */

/* Begin PBXContainerItemProxy section */
		E573319C299231E200F3BF9F /* PBXContainerItemProxy */ = {
			isa = PBXContainerItemProxy;
			containerPortal = E5C3F3E0298C18050051B1DB /* Project object */;
			proxyType = 1;
			remoteGlobalIDString = E5C3F3E8298C18050051B1DB;
			remoteInfo = EssentialFeed;
		};
		E5C3F3F3298C18060051B1DB /* PBXContainerItemProxy */ = {
			isa = PBXContainerItemProxy;
			containerPortal = E5C3F3E0298C18050051B1DB /* Project object */;
			proxyType = 1;
			remoteGlobalIDString = E5C3F3E8298C18050051B1DB;
			remoteInfo = EssentialFeed;
		};
/* End PBXContainerItemProxy section */

/* Begin PBXFileReference section */
		E573318F2992261B00F3BF9F /* XCTestCase+MemoryLeakTrackingHelper.swift */ = {isa = PBXFileReference; lastKnownFileType = sourcecode.swift; path = "XCTestCase+MemoryLeakTrackingHelper.swift"; sourceTree = "<group>"; };
		E573319129922DF800F3BF9F /* URLSessionHTTPClient.swift */ = {isa = PBXFileReference; lastKnownFileType = sourcecode.swift; path = URLSessionHTTPClient.swift; sourceTree = "<group>"; };
		E5733197299231E200F3BF9F /* EssentialFeedAPIEndToEndTests.xctest */ = {isa = PBXFileReference; explicitFileType = wrapper.cfbundle; includeInIndex = 0; path = EssentialFeedAPIEndToEndTests.xctest; sourceTree = BUILT_PRODUCTS_DIR; };
		E5733199299231E200F3BF9F /* EssentialFeedAPIEndToEndTests.swift */ = {isa = PBXFileReference; lastKnownFileType = sourcecode.swift; path = EssentialFeedAPIEndToEndTests.swift; sourceTree = "<group>"; };
		E57331A52992AA9600F3BF9F /* CacheFeedUseCaseTests.swift */ = {isa = PBXFileReference; lastKnownFileType = sourcecode.swift; path = CacheFeedUseCaseTests.swift; sourceTree = "<group>"; };
		E5C3F3E9298C18050051B1DB /* EssentialFeed.framework */ = {isa = PBXFileReference; explicitFileType = wrapper.framework; includeInIndex = 0; path = EssentialFeed.framework; sourceTree = BUILT_PRODUCTS_DIR; };
		E5C3F3EC298C18050051B1DB /* EssentialFeed.h */ = {isa = PBXFileReference; lastKnownFileType = sourcecode.c.h; path = EssentialFeed.h; sourceTree = "<group>"; };
		E5C3F3F1298C18060051B1DB /* EssentialFeedTests.xctest */ = {isa = PBXFileReference; explicitFileType = wrapper.cfbundle; includeInIndex = 0; path = EssentialFeedTests.xctest; sourceTree = BUILT_PRODUCTS_DIR; };
		E5C3F401298C18120051B1DB /* FeedItem.swift */ = {isa = PBXFileReference; lastKnownFileType = sourcecode.swift; path = FeedItem.swift; sourceTree = "<group>"; };
		E5C3F408298EAE130051B1DB /* LoadFeedFromRemoteUseCaseTests.swift */ = {isa = PBXFileReference; lastKnownFileType = sourcecode.swift; path = LoadFeedFromRemoteUseCaseTests.swift; sourceTree = "<group>"; };
		E5C3F40B298EAE700051B1DB /* FeedLoader.swift */ = {isa = PBXFileReference; lastKnownFileType = sourcecode.swift; path = FeedLoader.swift; sourceTree = "<group>"; };
		E5C3F40E298EAF590051B1DB /* RemoteFeedLoader.swift */ = {isa = PBXFileReference; lastKnownFileType = sourcecode.swift; path = RemoteFeedLoader.swift; sourceTree = "<group>"; };
		E5C3F410298F90F50051B1DB /* HTTPClient.swift */ = {isa = PBXFileReference; lastKnownFileType = sourcecode.swift; path = HTTPClient.swift; sourceTree = "<group>"; };
		E5C3F412298F91280051B1DB /* FeedItemsMapper.swift */ = {isa = PBXFileReference; lastKnownFileType = sourcecode.swift; path = FeedItemsMapper.swift; sourceTree = "<group>"; };
		E5C3F415298FA7060051B1DB /* URLSessionHTTPClientTests.swift */ = {isa = PBXFileReference; lastKnownFileType = sourcecode.swift; path = URLSessionHTTPClientTests.swift; sourceTree = "<group>"; };
/* End PBXFileReference section */

/* Begin PBXFrameworksBuildPhase section */
		E5733194299231E200F3BF9F /* Frameworks */ = {
			isa = PBXFrameworksBuildPhase;
			buildActionMask = 2147483647;
			files = (
				E573319B299231E200F3BF9F /* EssentialFeed.framework in Frameworks */,
			);
			runOnlyForDeploymentPostprocessing = 0;
		};
		E5C3F3E6298C18050051B1DB /* Frameworks */ = {
			isa = PBXFrameworksBuildPhase;
			buildActionMask = 2147483647;
			files = (
			);
			runOnlyForDeploymentPostprocessing = 0;
		};
		E5C3F3EE298C18060051B1DB /* Frameworks */ = {
			isa = PBXFrameworksBuildPhase;
			buildActionMask = 2147483647;
			files = (
				E5C3F3F2298C18060051B1DB /* EssentialFeed.framework in Frameworks */,
			);
			runOnlyForDeploymentPostprocessing = 0;
		};
/* End PBXFrameworksBuildPhase section */

/* Begin PBXGroup section */
		E573318E2992260100F3BF9F /* Helpers */ = {
			isa = PBXGroup;
			children = (
				E573318F2992261B00F3BF9F /* XCTestCase+MemoryLeakTrackingHelper.swift */,
			);
			path = Helpers;
			sourceTree = "<group>";
		};
		E5733198299231E200F3BF9F /* EssentialFeedAPIEndToEndTests */ = {
			isa = PBXGroup;
			children = (
				E5733199299231E200F3BF9F /* EssentialFeedAPIEndToEndTests.swift */,
			);
			path = EssentialFeedAPIEndToEndTests;
			sourceTree = "<group>";
		};
		E57331A42992AA8600F3BF9F /* Feed Cache */ = {
			isa = PBXGroup;
			children = (
				E57331A52992AA9600F3BF9F /* CacheFeedUseCaseTests.swift */,
			);
			path = "Feed Cache";
			sourceTree = "<group>";
		};
		E5C3F3DF298C18050051B1DB = {
			isa = PBXGroup;
			children = (
				E5C3F3EB298C18050051B1DB /* EssentialFeed */,
				E5C3F3F5298C18060051B1DB /* EssentialFeedTests */,
				E5733198299231E200F3BF9F /* EssentialFeedAPIEndToEndTests */,
				E5C3F3EA298C18050051B1DB /* Products */,
			);
			sourceTree = "<group>";
		};
		E5C3F3EA298C18050051B1DB /* Products */ = {
			isa = PBXGroup;
			children = (
				E5C3F3E9298C18050051B1DB /* EssentialFeed.framework */,
				E5C3F3F1298C18060051B1DB /* EssentialFeedTests.xctest */,
				E5733197299231E200F3BF9F /* EssentialFeedAPIEndToEndTests.xctest */,
			);
			name = Products;
			sourceTree = "<group>";
		};
		E5C3F3EB298C18050051B1DB /* EssentialFeed */ = {
			isa = PBXGroup;
			children = (
				E5C3F40D298EAF490051B1DB /* Feed API */,
				E5C3F40A298EAE530051B1DB /* Feed Feature */,
				E5C3F3EC298C18050051B1DB /* EssentialFeed.h */,
			);
			path = EssentialFeed;
			sourceTree = "<group>";
		};
		E5C3F3F5298C18060051B1DB /* EssentialFeedTests */ = {
			isa = PBXGroup;
			children = (
				E573318E2992260100F3BF9F /* Helpers */,
				E57331A42992AA8600F3BF9F /* Feed Cache */,
				E5C3F414298F986F0051B1DB /* Feed API */,
			);
			path = EssentialFeedTests;
			sourceTree = "<group>";
		};
		E5C3F40A298EAE530051B1DB /* Feed Feature */ = {
			isa = PBXGroup;
			children = (
				E5C3F401298C18120051B1DB /* FeedItem.swift */,
				E5C3F40B298EAE700051B1DB /* FeedLoader.swift */,
			);
			path = "Feed Feature";
			sourceTree = "<group>";
		};
		E5C3F40D298EAF490051B1DB /* Feed API */ = {
			isa = PBXGroup;
			children = (
				E5C3F40E298EAF590051B1DB /* RemoteFeedLoader.swift */,
				E5C3F410298F90F50051B1DB /* HTTPClient.swift */,
				E5C3F412298F91280051B1DB /* FeedItemsMapper.swift */,
				E573319129922DF800F3BF9F /* URLSessionHTTPClient.swift */,
			);
			path = "Feed API";
			sourceTree = "<group>";
		};
		E5C3F414298F986F0051B1DB /* Feed API */ = {
			isa = PBXGroup;
			children = (
				E5C3F408298EAE130051B1DB /* LoadFeedFromRemoteUseCaseTests.swift */,
				E5C3F415298FA7060051B1DB /* URLSessionHTTPClientTests.swift */,
			);
			path = "Feed API";
			sourceTree = "<group>";
		};
/* End PBXGroup section */

/* Begin PBXHeadersBuildPhase section */
		E5C3F3E4298C18050051B1DB /* Headers */ = {
			isa = PBXHeadersBuildPhase;
			buildActionMask = 2147483647;
			files = (
				E5C3F3F8298C18060051B1DB /* EssentialFeed.h in Headers */,
			);
			runOnlyForDeploymentPostprocessing = 0;
		};
/* End PBXHeadersBuildPhase section */

/* Begin PBXNativeTarget section */
		E5733196299231E200F3BF9F /* EssentialFeedAPIEndToEndTests */ = {
			isa = PBXNativeTarget;
			buildConfigurationList = E573319E299231E200F3BF9F /* Build configuration list for PBXNativeTarget "EssentialFeedAPIEndToEndTests" */;
			buildPhases = (
				E5733193299231E200F3BF9F /* Sources */,
				E5733194299231E200F3BF9F /* Frameworks */,
				E5733195299231E200F3BF9F /* Resources */,
			);
			buildRules = (
			);
			dependencies = (
				E573319D299231E200F3BF9F /* PBXTargetDependency */,
			);
			name = EssentialFeedAPIEndToEndTests;
			productName = EssentialFeedAPIEndToEndTests;
			productReference = E5733197299231E200F3BF9F /* EssentialFeedAPIEndToEndTests.xctest */;
			productType = "com.apple.product-type.bundle.unit-test";
		};
		E5C3F3E8298C18050051B1DB /* EssentialFeed */ = {
			isa = PBXNativeTarget;
			buildConfigurationList = E5C3F3FB298C18060051B1DB /* Build configuration list for PBXNativeTarget "EssentialFeed" */;
			buildPhases = (
				E5C3F3E4298C18050051B1DB /* Headers */,
				E5C3F3E5298C18050051B1DB /* Sources */,
				E5C3F3E6298C18050051B1DB /* Frameworks */,
				E5C3F3E7298C18050051B1DB /* Resources */,
			);
			buildRules = (
			);
			dependencies = (
			);
			name = EssentialFeed;
			productName = EssentialFeed;
			productReference = E5C3F3E9298C18050051B1DB /* EssentialFeed.framework */;
			productType = "com.apple.product-type.framework";
		};
		E5C3F3F0298C18060051B1DB /* EssentialFeedTests */ = {
			isa = PBXNativeTarget;
			buildConfigurationList = E5C3F3FE298C18060051B1DB /* Build configuration list for PBXNativeTarget "EssentialFeedTests" */;
			buildPhases = (
				E5C3F3ED298C18060051B1DB /* Sources */,
				E5C3F3EE298C18060051B1DB /* Frameworks */,
				E5C3F3EF298C18060051B1DB /* Resources */,
			);
			buildRules = (
			);
			dependencies = (
				E5C3F3F4298C18060051B1DB /* PBXTargetDependency */,
			);
			name = EssentialFeedTests;
			productName = EssentialFeedTests;
			productReference = E5C3F3F1298C18060051B1DB /* EssentialFeedTests.xctest */;
			productType = "com.apple.product-type.bundle.unit-test";
		};
/* End PBXNativeTarget section */

/* Begin PBXProject section */
		E5C3F3E0298C18050051B1DB /* Project object */ = {
			isa = PBXProject;
			attributes = {
				BuildIndependentTargetsInParallel = 1;
				LastSwiftUpdateCheck = 1410;
				LastUpgradeCheck = 1410;
				TargetAttributes = {
					E5733196299231E200F3BF9F = {
						CreatedOnToolsVersion = 14.1;
					};
					E5C3F3E8298C18050051B1DB = {
						CreatedOnToolsVersion = 14.1;
						LastSwiftMigration = 1410;
					};
					E5C3F3F0298C18060051B1DB = {
						CreatedOnToolsVersion = 14.1;
					};
				};
			};
			buildConfigurationList = E5C3F3E3298C18050051B1DB /* Build configuration list for PBXProject "EssentialFeed" */;
			compatibilityVersion = "Xcode 14.0";
			developmentRegion = en;
			hasScannedForEncodings = 0;
			knownRegions = (
				en,
				Base,
			);
			mainGroup = E5C3F3DF298C18050051B1DB;
			productRefGroup = E5C3F3EA298C18050051B1DB /* Products */;
			projectDirPath = "";
			projectRoot = "";
			targets = (
				E5C3F3E8298C18050051B1DB /* EssentialFeed */,
				E5C3F3F0298C18060051B1DB /* EssentialFeedTests */,
				E5733196299231E200F3BF9F /* EssentialFeedAPIEndToEndTests */,
			);
		};
/* End PBXProject section */

/* Begin PBXResourcesBuildPhase section */
		E5733195299231E200F3BF9F /* Resources */ = {
			isa = PBXResourcesBuildPhase;
			buildActionMask = 2147483647;
			files = (
			);
			runOnlyForDeploymentPostprocessing = 0;
		};
		E5C3F3E7298C18050051B1DB /* Resources */ = {
			isa = PBXResourcesBuildPhase;
			buildActionMask = 2147483647;
			files = (
			);
			runOnlyForDeploymentPostprocessing = 0;
		};
		E5C3F3EF298C18060051B1DB /* Resources */ = {
			isa = PBXResourcesBuildPhase;
			buildActionMask = 2147483647;
			files = (
			);
			runOnlyForDeploymentPostprocessing = 0;
		};
/* End PBXResourcesBuildPhase section */

/* Begin PBXSourcesBuildPhase section */
		E5733193299231E200F3BF9F /* Sources */ = {
			isa = PBXSourcesBuildPhase;
			buildActionMask = 2147483647;
			files = (
				E573319A299231E200F3BF9F /* EssentialFeedAPIEndToEndTests.swift in Sources */,
				E57331A12992354900F3BF9F /* XCTestCase+MemoryLeakTrackingHelper.swift in Sources */,
			);
			runOnlyForDeploymentPostprocessing = 0;
		};
		E5C3F3E5298C18050051B1DB /* Sources */ = {
			isa = PBXSourcesBuildPhase;
			buildActionMask = 2147483647;
			files = (
				E5C3F413298F91280051B1DB /* FeedItemsMapper.swift in Sources */,
				E5C3F40C298EAE700051B1DB /* FeedLoader.swift in Sources */,
				E5C3F40F298EAF590051B1DB /* RemoteFeedLoader.swift in Sources */,
				E5C3F411298F90F50051B1DB /* HTTPClient.swift in Sources */,
				E5C3F402298C18120051B1DB /* FeedItem.swift in Sources */,
				E573319229922DF800F3BF9F /* URLSessionHTTPClient.swift in Sources */,
			);
			runOnlyForDeploymentPostprocessing = 0;
		};
		E5C3F3ED298C18060051B1DB /* Sources */ = {
			isa = PBXSourcesBuildPhase;
			buildActionMask = 2147483647;
			files = (
				E5C3F409298EAE130051B1DB /* LoadFeedFromRemoteUseCaseTests.swift in Sources */,
				E57331902992261B00F3BF9F /* XCTestCase+MemoryLeakTrackingHelper.swift in Sources */,
				E57331A62992AA9600F3BF9F /* CacheFeedUseCaseTests.swift in Sources */,
				E5C3F416298FA7060051B1DB /* URLSessionHTTPClientTests.swift in Sources */,
			);
			runOnlyForDeploymentPostprocessing = 0;
		};
/* End PBXSourcesBuildPhase section */

/* Begin PBXTargetDependency section */
		E573319D299231E200F3BF9F /* PBXTargetDependency */ = {
			isa = PBXTargetDependency;
			target = E5C3F3E8298C18050051B1DB /* EssentialFeed */;
			targetProxy = E573319C299231E200F3BF9F /* PBXContainerItemProxy */;
		};
		E5C3F3F4298C18060051B1DB /* PBXTargetDependency */ = {
			isa = PBXTargetDependency;
			target = E5C3F3E8298C18050051B1DB /* EssentialFeed */;
			targetProxy = E5C3F3F3298C18060051B1DB /* PBXContainerItemProxy */;
		};
/* End PBXTargetDependency section */

/* Begin XCBuildConfiguration section */
		E573319F299231E200F3BF9F /* Debug */ = {
			isa = XCBuildConfiguration;
			buildSettings = {
				CODE_SIGN_STYLE = Automatic;
				CURRENT_PROJECT_VERSION = 1;
				DEVELOPMENT_TEAM = 6QQ8KTCVV8;
				GENERATE_INFOPLIST_FILE = YES;
				MARKETING_VERSION = 1.0;
				PRODUCT_BUNDLE_IDENTIFIER = "com.itechart-group.abubakr.EssentialFeedAPIEndToEndTests";
				PRODUCT_NAME = "$(TARGET_NAME)";
				SWIFT_EMIT_LOC_STRINGS = NO;
				SWIFT_VERSION = 5.0;
			};
			name = Debug;
		};
		E57331A0299231E200F3BF9F /* Release */ = {
			isa = XCBuildConfiguration;
			buildSettings = {
				CODE_SIGN_STYLE = Automatic;
				CURRENT_PROJECT_VERSION = 1;
				DEVELOPMENT_TEAM = 6QQ8KTCVV8;
				GENERATE_INFOPLIST_FILE = YES;
				MARKETING_VERSION = 1.0;
				PRODUCT_BUNDLE_IDENTIFIER = "com.itechart-group.abubakr.EssentialFeedAPIEndToEndTests";
				PRODUCT_NAME = "$(TARGET_NAME)";
				SWIFT_EMIT_LOC_STRINGS = NO;
				SWIFT_VERSION = 5.0;
			};
			name = Release;
		};
		E5C3F3F9298C18060051B1DB /* Debug */ = {
			isa = XCBuildConfiguration;
			buildSettings = {
				ALWAYS_SEARCH_USER_PATHS = NO;
				CLANG_ANALYZER_NONNULL = YES;
				CLANG_ANALYZER_NUMBER_OBJECT_CONVERSION = YES_AGGRESSIVE;
				CLANG_CXX_LANGUAGE_STANDARD = "gnu++20";
				CLANG_ENABLE_MODULES = YES;
				CLANG_ENABLE_OBJC_ARC = YES;
				CLANG_ENABLE_OBJC_WEAK = YES;
				CLANG_WARN_BLOCK_CAPTURE_AUTORELEASING = YES;
				CLANG_WARN_BOOL_CONVERSION = YES;
				CLANG_WARN_COMMA = YES;
				CLANG_WARN_CONSTANT_CONVERSION = YES;
				CLANG_WARN_DEPRECATED_OBJC_IMPLEMENTATIONS = YES;
				CLANG_WARN_DIRECT_OBJC_ISA_USAGE = YES_ERROR;
				CLANG_WARN_DOCUMENTATION_COMMENTS = YES;
				CLANG_WARN_EMPTY_BODY = YES;
				CLANG_WARN_ENUM_CONVERSION = YES;
				CLANG_WARN_INFINITE_RECURSION = YES;
				CLANG_WARN_INT_CONVERSION = YES;
				CLANG_WARN_NON_LITERAL_NULL_CONVERSION = YES;
				CLANG_WARN_OBJC_IMPLICIT_RETAIN_SELF = YES;
				CLANG_WARN_OBJC_LITERAL_CONVERSION = YES;
				CLANG_WARN_OBJC_ROOT_CLASS = YES_ERROR;
				CLANG_WARN_QUOTED_INCLUDE_IN_FRAMEWORK_HEADER = YES;
				CLANG_WARN_RANGE_LOOP_ANALYSIS = YES;
				CLANG_WARN_STRICT_PROTOTYPES = YES;
				CLANG_WARN_SUSPICIOUS_MOVE = YES;
				CLANG_WARN_UNGUARDED_AVAILABILITY = YES_AGGRESSIVE;
				CLANG_WARN_UNREACHABLE_CODE = YES;
				CLANG_WARN__DUPLICATE_METHOD_MATCH = YES;
				COPY_PHASE_STRIP = NO;
				CURRENT_PROJECT_VERSION = 1;
				DEBUG_INFORMATION_FORMAT = dwarf;
				ENABLE_STRICT_OBJC_MSGSEND = YES;
				ENABLE_TESTABILITY = YES;
				GCC_C_LANGUAGE_STANDARD = gnu11;
				GCC_DYNAMIC_NO_PIC = NO;
				GCC_NO_COMMON_BLOCKS = YES;
				GCC_OPTIMIZATION_LEVEL = 0;
				GCC_PREPROCESSOR_DEFINITIONS = (
					"DEBUG=1",
					"$(inherited)",
				);
				GCC_WARN_64_TO_32_BIT_CONVERSION = YES;
				GCC_WARN_ABOUT_RETURN_TYPE = YES_ERROR;
				GCC_WARN_UNDECLARED_SELECTOR = YES;
				GCC_WARN_UNINITIALIZED_AUTOS = YES_AGGRESSIVE;
				GCC_WARN_UNUSED_FUNCTION = YES;
				GCC_WARN_UNUSED_VARIABLE = YES;
				MACOSX_DEPLOYMENT_TARGET = 13.0;
				MTL_ENABLE_DEBUG_INFO = INCLUDE_SOURCE;
				MTL_FAST_MATH = YES;
				ONLY_ACTIVE_ARCH = YES;
				SDKROOT = macosx;
				SWIFT_ACTIVE_COMPILATION_CONDITIONS = DEBUG;
				SWIFT_OPTIMIZATION_LEVEL = "-Onone";
				VERSIONING_SYSTEM = "apple-generic";
				VERSION_INFO_PREFIX = "";
			};
			name = Debug;
		};
		E5C3F3FA298C18060051B1DB /* Release */ = {
			isa = XCBuildConfiguration;
			buildSettings = {
				ALWAYS_SEARCH_USER_PATHS = NO;
				CLANG_ANALYZER_NONNULL = YES;
				CLANG_ANALYZER_NUMBER_OBJECT_CONVERSION = YES_AGGRESSIVE;
				CLANG_CXX_LANGUAGE_STANDARD = "gnu++20";
				CLANG_ENABLE_MODULES = YES;
				CLANG_ENABLE_OBJC_ARC = YES;
				CLANG_ENABLE_OBJC_WEAK = YES;
				CLANG_WARN_BLOCK_CAPTURE_AUTORELEASING = YES;
				CLANG_WARN_BOOL_CONVERSION = YES;
				CLANG_WARN_COMMA = YES;
				CLANG_WARN_CONSTANT_CONVERSION = YES;
				CLANG_WARN_DEPRECATED_OBJC_IMPLEMENTATIONS = YES;
				CLANG_WARN_DIRECT_OBJC_ISA_USAGE = YES_ERROR;
				CLANG_WARN_DOCUMENTATION_COMMENTS = YES;
				CLANG_WARN_EMPTY_BODY = YES;
				CLANG_WARN_ENUM_CONVERSION = YES;
				CLANG_WARN_INFINITE_RECURSION = YES;
				CLANG_WARN_INT_CONVERSION = YES;
				CLANG_WARN_NON_LITERAL_NULL_CONVERSION = YES;
				CLANG_WARN_OBJC_IMPLICIT_RETAIN_SELF = YES;
				CLANG_WARN_OBJC_LITERAL_CONVERSION = YES;
				CLANG_WARN_OBJC_ROOT_CLASS = YES_ERROR;
				CLANG_WARN_QUOTED_INCLUDE_IN_FRAMEWORK_HEADER = YES;
				CLANG_WARN_RANGE_LOOP_ANALYSIS = YES;
				CLANG_WARN_STRICT_PROTOTYPES = YES;
				CLANG_WARN_SUSPICIOUS_MOVE = YES;
				CLANG_WARN_UNGUARDED_AVAILABILITY = YES_AGGRESSIVE;
				CLANG_WARN_UNREACHABLE_CODE = YES;
				CLANG_WARN__DUPLICATE_METHOD_MATCH = YES;
				COPY_PHASE_STRIP = NO;
				CURRENT_PROJECT_VERSION = 1;
				DEBUG_INFORMATION_FORMAT = "dwarf-with-dsym";
				ENABLE_NS_ASSERTIONS = NO;
				ENABLE_STRICT_OBJC_MSGSEND = YES;
				GCC_C_LANGUAGE_STANDARD = gnu11;
				GCC_NO_COMMON_BLOCKS = YES;
				GCC_WARN_64_TO_32_BIT_CONVERSION = YES;
				GCC_WARN_ABOUT_RETURN_TYPE = YES_ERROR;
				GCC_WARN_UNDECLARED_SELECTOR = YES;
				GCC_WARN_UNINITIALIZED_AUTOS = YES_AGGRESSIVE;
				GCC_WARN_UNUSED_FUNCTION = YES;
				GCC_WARN_UNUSED_VARIABLE = YES;
				MACOSX_DEPLOYMENT_TARGET = 13.0;
				MTL_ENABLE_DEBUG_INFO = NO;
				MTL_FAST_MATH = YES;
				SDKROOT = macosx;
				SWIFT_COMPILATION_MODE = wholemodule;
				SWIFT_OPTIMIZATION_LEVEL = "-O";
				VERSIONING_SYSTEM = "apple-generic";
				VERSION_INFO_PREFIX = "";
			};
			name = Release;
		};
		E5C3F3FC298C18060051B1DB /* Debug */ = {
			isa = XCBuildConfiguration;
			buildSettings = {
				CLANG_ENABLE_MODULES = YES;
				CODE_SIGN_STYLE = Automatic;
				COMBINE_HIDPI_IMAGES = YES;
				CURRENT_PROJECT_VERSION = 1;
				DEFINES_MODULE = YES;
				DEVELOPMENT_TEAM = 6QQ8KTCVV8;
				DYLIB_COMPATIBILITY_VERSION = 1;
				DYLIB_CURRENT_VERSION = 1;
				DYLIB_INSTALL_NAME_BASE = "@rpath";
				GENERATE_INFOPLIST_FILE = YES;
				INFOPLIST_KEY_NSHumanReadableCopyright = "";
				INSTALL_PATH = "$(LOCAL_LIBRARY_DIR)/Frameworks";
				LD_RUNPATH_SEARCH_PATHS = (
					"$(inherited)",
					"@executable_path/../Frameworks",
					"@loader_path/Frameworks",
				);
				MARKETING_VERSION = 1.0;
				PRODUCT_BUNDLE_IDENTIFIER = "com.itechart-group.abubakr.EssentialFeed";
				PRODUCT_NAME = "$(TARGET_NAME:c99extidentifier)";
				SKIP_INSTALL = YES;
				SWIFT_EMIT_LOC_STRINGS = YES;
				SWIFT_OPTIMIZATION_LEVEL = "-Onone";
				SWIFT_VERSION = 5.0;
			};
			name = Debug;
		};
		E5C3F3FD298C18060051B1DB /* Release */ = {
			isa = XCBuildConfiguration;
			buildSettings = {
				CLANG_ENABLE_MODULES = YES;
				CODE_SIGN_STYLE = Automatic;
				COMBINE_HIDPI_IMAGES = YES;
				CURRENT_PROJECT_VERSION = 1;
				DEFINES_MODULE = YES;
				DEVELOPMENT_TEAM = 6QQ8KTCVV8;
				DYLIB_COMPATIBILITY_VERSION = 1;
				DYLIB_CURRENT_VERSION = 1;
				DYLIB_INSTALL_NAME_BASE = "@rpath";
				GENERATE_INFOPLIST_FILE = YES;
				INFOPLIST_KEY_NSHumanReadableCopyright = "";
				INSTALL_PATH = "$(LOCAL_LIBRARY_DIR)/Frameworks";
				LD_RUNPATH_SEARCH_PATHS = (
					"$(inherited)",
					"@executable_path/../Frameworks",
					"@loader_path/Frameworks",
				);
				MARKETING_VERSION = 1.0;
				PRODUCT_BUNDLE_IDENTIFIER = "com.itechart-group.abubakr.EssentialFeed";
				PRODUCT_NAME = "$(TARGET_NAME:c99extidentifier)";
				SKIP_INSTALL = YES;
				SWIFT_EMIT_LOC_STRINGS = YES;
				SWIFT_VERSION = 5.0;
			};
			name = Release;
		};
		E5C3F3FF298C18060051B1DB /* Debug */ = {
			isa = XCBuildConfiguration;
			buildSettings = {
				ALWAYS_EMBED_SWIFT_STANDARD_LIBRARIES = YES;
				CODE_SIGN_STYLE = Automatic;
				CURRENT_PROJECT_VERSION = 1;
				DEVELOPMENT_TEAM = 6QQ8KTCVV8;
				GENERATE_INFOPLIST_FILE = YES;
				MARKETING_VERSION = 1.0;
				PRODUCT_BUNDLE_IDENTIFIER = "com.itechart-group.abubakr.EssentialFeedTests";
				PRODUCT_NAME = "$(TARGET_NAME)";
				SWIFT_EMIT_LOC_STRINGS = NO;
				SWIFT_VERSION = 5.0;
			};
			name = Debug;
		};
		E5C3F400298C18060051B1DB /* Release */ = {
			isa = XCBuildConfiguration;
			buildSettings = {
				ALWAYS_EMBED_SWIFT_STANDARD_LIBRARIES = YES;
				CODE_SIGN_STYLE = Automatic;
				CURRENT_PROJECT_VERSION = 1;
				DEVELOPMENT_TEAM = 6QQ8KTCVV8;
				GENERATE_INFOPLIST_FILE = YES;
				MARKETING_VERSION = 1.0;
				PRODUCT_BUNDLE_IDENTIFIER = "com.itechart-group.abubakr.EssentialFeedTests";
				PRODUCT_NAME = "$(TARGET_NAME)";
				SWIFT_EMIT_LOC_STRINGS = NO;
				SWIFT_VERSION = 5.0;
			};
			name = Release;
		};
/* End XCBuildConfiguration section */

/* Begin XCConfigurationList section */
		E573319E299231E200F3BF9F /* Build configuration list for PBXNativeTarget "EssentialFeedAPIEndToEndTests" */ = {
			isa = XCConfigurationList;
			buildConfigurations = (
				E573319F299231E200F3BF9F /* Debug */,
				E57331A0299231E200F3BF9F /* Release */,
			);
			defaultConfigurationIsVisible = 0;
			defaultConfigurationName = Release;
		};
		E5C3F3E3298C18050051B1DB /* Build configuration list for PBXProject "EssentialFeed" */ = {
			isa = XCConfigurationList;
			buildConfigurations = (
				E5C3F3F9298C18060051B1DB /* Debug */,
				E5C3F3FA298C18060051B1DB /* Release */,
			);
			defaultConfigurationIsVisible = 0;
			defaultConfigurationName = Release;
		};
		E5C3F3FB298C18060051B1DB /* Build configuration list for PBXNativeTarget "EssentialFeed" */ = {
			isa = XCConfigurationList;
			buildConfigurations = (
				E5C3F3FC298C18060051B1DB /* Debug */,
				E5C3F3FD298C18060051B1DB /* Release */,
			);
			defaultConfigurationIsVisible = 0;
			defaultConfigurationName = Release;
		};
		E5C3F3FE298C18060051B1DB /* Build configuration list for PBXNativeTarget "EssentialFeedTests" */ = {
			isa = XCConfigurationList;
			buildConfigurations = (
				E5C3F3FF298C18060051B1DB /* Debug */,
				E5C3F400298C18060051B1DB /* Release */,
			);
			defaultConfigurationIsVisible = 0;
			defaultConfigurationName = Release;
		};
/* End XCConfigurationList section */
	};
	rootObject = E5C3F3E0298C18050051B1DB /* Project object */;
}
